
Microsoft Visual Studio Solution File, Format Version 12.00
# Visual Studio Version 17
VisualStudioVersion = 17.4.33213.308
MinimumVisualStudioVersion = 10.0.40219.1
Project("{FAE04EC0-301F-11D3-BF4B-00C04F79EFBC}") = "PBE", "PBE\PBE.csproj", "{E9E2850E-1B67-4A51-AF61-1BFE6235B946}"
EndProject
Project("{FAE04EC0-301F-11D3-BF4B-00C04F79EFBC}") = "PBE.Tests", "PBE.Tests\PBE.Tests.csproj", "{38076A29-42F0-4890-BD77-1D84A7B18013}"
EndProject
Global
	GlobalSection(SolutionConfigurationPlatforms) = preSolution
		Debug|Any CPU = Debug|Any CPU
		Release|Any CPU = Release|Any CPU
	EndGlobalSection
	GlobalSection(ProjectConfigurationPlatforms) = postSolution
		{E9E2850E-1B67-4A51-AF61-1BFE6235B946}.Debug|Any CPU.ActiveCfg = Debug|Any CPU
		{E9E2850E-1B67-4A51-AF61-1BFE6235B946}.Debug|Any CPU.Build.0 = Debug|Any CPU
		{E9E2850E-1B67-4A51-AF61-1BFE6235B946}.Release|Any CPU.ActiveCfg = Release|Any CPU
		{E9E2850E-1B67-4A51-AF61-1BFE6235B946}.Release|Any CPU.Build.0 = Release|Any CPU
		{38076A29-42F0-4890-BD77-1D84A7B18013}.Debug|Any CPU.ActiveCfg = Debug|Any CPU
		{38076A29-42F0-4890-BD77-1D84A7B18013}.Debug|Any CPU.Build.0 = Debug|Any CPU
		{38076A29-42F0-4890-BD77-1D84A7B18013}.Release|Any CPU.ActiveCfg = Release|Any CPU
		{38076A29-42F0-4890-BD77-1D84A7B18013}.Release|Any CPU.Build.0 = Release|Any CPU
	EndGlobalSection
	GlobalSection(SolutionProperties) = preSolution
		HideSolutionNode = FALSE
	EndGlobalSection
	GlobalSection(ExtensibilityGlobals) = postSolution
		SolutionGuid = {A801BE86-A046-484A-8DB5-338301CB57BE}
	EndGlobalSection
EndGlobal
